{
  "name": "LIVE-BROADCAST-AUTOMATION",
  "lockfileVersion": 3,
  "requires": true,
  "packages": {
    "": {
      "dependencies": {
        "guid-typescript": "^1.0.9",
        "xmlhttprequest-ts": "^1.0.1"
      }
    },
    "node_modules/@angular/common": {
      "version": "16.0.0",
      "resolved": "https://registry.npmjs.org/@angular/common/-/common-16.0.0.tgz",
      "integrity": "sha512-at3/xCevf2t9swX2P7K7gaSBuQPy7ZJsf37qQkYIuczzfij69r7s9NjYeA74/q3EWG9Yl2DCrhYoCW7ViXQINQ==",
      "peer": true,
      "dependencies": {
        "tslib": "^2.3.0"
      },
      "engines": {
        "node": "^16.14.0 || >=18.10.0"
      },
      "peerDependencies": {
        "@angular/core": "16.0.0",
        "rxjs": "^6.5.3 || ^7.4.0"
      }
    },
    "node_modules/@angular/core": {
      "version": "16.0.0",
      "resolved": "https://registry.npmjs.org/@angular/core/-/core-16.0.0.tgz",
      "integrity": "sha512-scppDxtXubum6ZiGu3ogmReBtMuA5XXk5FL3YKLb3c9O7q9Z5PC8KNQ6SsaOwEb6oW+0BWXMV698p/zmd0J4tA==",
      "peer": true,
      "dependencies": {
        "tslib": "^2.3.0"
      },
      "engines": {
        "node": "^16.14.0 || >=18.10.0"
      },
      "peerDependencies": {
        "rxjs": "^6.5.3 || ^7.4.0",
        "zone.js": "~0.13.0"
      }
    },
    "node_modules/guid-typescript": {
      "version": "1.0.9",
      "resolved": "https://registry.npmjs.org/guid-typescript/-/guid-typescript-1.0.9.tgz",
      "integrity": "sha512-Y8T4vYhEfwJOTbouREvG+3XDsjr8E3kIr7uf+JZ0BYloFsttiHU0WfvANVsR7TxNUJa/WpCnw/Ino/p+DeBhBQ=="
    },
    "node_modules/rxjs": {
      "version": "7.8.1",
      "resolved": "https://registry.npmjs.org/rxjs/-/rxjs-7.8.1.tgz",
      "integrity": "sha512-AA3TVj+0A2iuIoQkWEK/tqFjBq2j+6PO6Y0zJcvzLAFhEFIO3HL0vls9hWLncZbAAbK0mar7oZ4V079I/qPMxg==",
      "peer": true,
      "dependencies": {
        "tslib": "^2.1.0"
      }
    },
    "node_modules/tslib": {
      "version": "2.5.0",
      "resolved": "https://registry.npmjs.org/tslib/-/tslib-2.5.0.tgz",
      "integrity": "sha512-336iVw3rtn2BUK7ORdIAHTyxHGRIHVReokCR3XjbckJMK7ms8FysBfhLR8IXnAgy7T0PTPNBWKiH514FOW/WSg==",
      "peer": true
    },
    "node_modules/xmlhttprequest-ts": {
      "version": "1.0.1",
      "resolved": "https://registry.npmjs.org/xmlhttprequest-ts/-/xmlhttprequest-ts-1.0.1.tgz",
      "integrity": "sha512-x+7u8NpBcwfBCeGqUpdGrR6+kGUGVjKc4wolyCz7CQqBZQp7VIyaF1xAvJ7ApRzvLeuiC4BbmrA6CWH9NqxK/g==",
      "dependencies": {
        "tslib": "^1.9.2"
      },
      "peerDependencies": {
        "@angular/common": ">= 5.0.0",
        "@angular/core": ">= 5.0.0"
      }
    },
    "node_modules/xmlhttprequest-ts/node_modules/tslib": {
      "version": "1.14.1",
      "resolved": "https://registry.npmjs.org/tslib/-/tslib-1.14.1.tgz",
      "integrity": "sha512-Xni35NKzjgMrwevysHTCArtLDpPvye8zV/0E4EyYn43P7/7qvQwPh9BGkHewbMulVntbigmcT7rdX3BNo9wRJg=="
    },
    "node_modules/zone.js": {
      "version": "0.13.0",
      "resolved": "https://registry.npmjs.org/zone.js/-/zone.js-0.13.0.tgz",
      "integrity": "sha512-7m3hNNyswsdoDobCkYNAy5WiUulkMd3+fWaGT9ij6iq3Zr/IwJo4RMCYPSDjT+r7tnPErmY9sZpKhWQ8S5k6XQ==",
      "peer": true,
      "dependencies": {
        "tslib": "^2.3.0"
      }
    }
  }
}
